
Microsoft Visual Studio Solution File, Format Version 12.00
# Visual Studio 2012
Project("{FAE04EC0-301F-11D3-BF4B-00C04F79EFBC}") = "MyMvc.Mange", "MyMvc.Mange\MyMvc.Mange.csproj", "{F62C3FB9-CCDA-4337-B9AD-72E4904296D0}"
EndProject
Project("{2150E333-8FDC-42A3-9474-1A3956D46DE8}") = "Service", "Service", "{26581131-9B30-42D8-9C6D-BBA4DAFA7B53}"
EndProject
Project("{2150E333-8FDC-42A3-9474-1A3956D46DE8}") = "Dao", "Dao", "{AF42A24C-B0EB-4448-80DE-460912011248}"
EndProject
Project("{FAE04EC0-301F-11D3-BF4B-00C04F79EFBC}") = "MyMvc.IDao", "MyMvc.IDao\MyMvc.IDao.csproj", "{C805B591-F0BC-4033-A910-67D6BB6DE89E}"
EndProject
Project("{FAE04EC0-301F-11D3-BF4B-00C04F79EFBC}") = "MyMvc.Dao", "MyMvc.Dao\MyMvc.Dao.csproj", "{B3063BFC-3647-40C1-82A4-3740C2CF5104}"
EndProject
Project("{FAE04EC0-301F-11D3-BF4B-00C04F79EFBC}") = "MyMvc.IService", "MyMvc.IService\MyMvc.IService.csproj", "{44F2EF2F-BC22-423A-B998-D8AEAF36B185}"
EndProject
Project("{FAE04EC0-301F-11D3-BF4B-00C04F79EFBC}") = "MyMvc.Service", "MyMvc.Service\MyMvc.Service.csproj", "{42820A1A-A713-430E-BFFC-7D51B3156263}"
EndProject
Project("{FAE04EC0-301F-11D3-BF4B-00C04F79EFBC}") = "MyMvc.Common", "MyMvc.Common\MyMvc.Common.csproj", "{F5C07E5D-0E7F-4F02-BF7C-4C893281F57C}"
EndProject
Project("{FAE04EC0-301F-11D3-BF4B-00C04F79EFBC}") = "MyMvc.WebApi", "MyMvc.WebApi\MyMvc.WebApi.csproj", "{98B85840-D294-462B-A070-B59B7F19608A}"
EndProject
Project("{FAE04EC0-301F-11D3-BF4B-00C04F79EFBC}") = "MyMvc.Member", "MyMvc.Member\MyMvc.Member.csproj", "{026F1512-9142-4BAB-B446-7BA557268C2F}"
EndProject
Project("{FAE04EC0-301F-11D3-BF4B-00C04F79EFBC}") = "MyMvc.WebApp", "MyMvc.WebApp\MyMvc.WebApp.csproj", "{D8B29147-8358-4E06-8DD6-2B00291B6FF8}"
EndProject
Project("{FAE04EC0-301F-11D3-BF4B-00C04F79EFBC}") = "MyMvc.Model", "MyMvc.Model\MyMvc.Model.csproj", "{8828DC04-55B2-4009-A0A4-2B82126B601C}"
EndProject
Project("{2150E333-8FDC-42A3-9474-1A3956D46DE8}") = "WebUI", "WebUI", "{9703828E-8972-4972-85BB-8D04F4DF608F}"
EndProject
Global
	GlobalSection(SolutionConfigurationPlatforms) = preSolution
		Debug|Any CPU = Debug|Any CPU
		Release|Any CPU = Release|Any CPU
	EndGlobalSection
	GlobalSection(ProjectConfigurationPlatforms) = postSolution
		{F62C3FB9-CCDA-4337-B9AD-72E4904296D0}.Debug|Any CPU.ActiveCfg = Debug|Any CPU
		{F62C3FB9-CCDA-4337-B9AD-72E4904296D0}.Debug|Any CPU.Build.0 = Debug|Any CPU
		{F62C3FB9-CCDA-4337-B9AD-72E4904296D0}.Release|Any CPU.ActiveCfg = Release|Any CPU
		{F62C3FB9-CCDA-4337-B9AD-72E4904296D0}.Release|Any CPU.Build.0 = Release|Any CPU
		{C805B591-F0BC-4033-A910-67D6BB6DE89E}.Debug|Any CPU.ActiveCfg = Debug|Any CPU
		{C805B591-F0BC-4033-A910-67D6BB6DE89E}.Debug|Any CPU.Build.0 = Debug|Any CPU
		{C805B591-F0BC-4033-A910-67D6BB6DE89E}.Release|Any CPU.ActiveCfg = Release|Any CPU
		{C805B591-F0BC-4033-A910-67D6BB6DE89E}.Release|Any CPU.Build.0 = Release|Any CPU
		{B3063BFC-3647-40C1-82A4-3740C2CF5104}.Debug|Any CPU.ActiveCfg = Debug|Any CPU
		{B3063BFC-3647-40C1-82A4-3740C2CF5104}.Debug|Any CPU.Build.0 = Debug|Any CPU
		{B3063BFC-3647-40C1-82A4-3740C2CF5104}.Release|Any CPU.ActiveCfg = Release|Any CPU
		{B3063BFC-3647-40C1-82A4-3740C2CF5104}.Release|Any CPU.Build.0 = Release|Any CPU
		{44F2EF2F-BC22-423A-B998-D8AEAF36B185}.Debug|Any CPU.ActiveCfg = Debug|Any CPU
		{44F2EF2F-BC22-423A-B998-D8AEAF36B185}.Debug|Any CPU.Build.0 = Debug|Any CPU
		{44F2EF2F-BC22-423A-B998-D8AEAF36B185}.Release|Any CPU.ActiveCfg = Release|Any CPU
		{44F2EF2F-BC22-423A-B998-D8AEAF36B185}.Release|Any CPU.Build.0 = Release|Any CPU
		{42820A1A-A713-430E-BFFC-7D51B3156263}.Debug|Any CPU.ActiveCfg = Debug|Any CPU
		{42820A1A-A713-430E-BFFC-7D51B3156263}.Debug|Any CPU.Build.0 = Debug|Any CPU
		{42820A1A-A713-430E-BFFC-7D51B3156263}.Release|Any CPU.ActiveCfg = Release|Any CPU
		{42820A1A-A713-430E-BFFC-7D51B3156263}.Release|Any CPU.Build.0 = Release|Any CPU
		{F5C07E5D-0E7F-4F02-BF7C-4C893281F57C}.Debug|Any CPU.ActiveCfg = Debug|Any CPU
		{F5C07E5D-0E7F-4F02-BF7C-4C893281F57C}.Debug|Any CPU.Build.0 = Debug|Any CPU
		{F5C07E5D-0E7F-4F02-BF7C-4C893281F57C}.Release|Any CPU.ActiveCfg = Release|Any CPU
		{F5C07E5D-0E7F-4F02-BF7C-4C893281F57C}.Release|Any CPU.Build.0 = Release|Any CPU
		{98B85840-D294-462B-A070-B59B7F19608A}.Debug|Any CPU.ActiveCfg = Debug|Any CPU
		{98B85840-D294-462B-A070-B59B7F19608A}.Debug|Any CPU.Build.0 = Debug|Any CPU
		{98B85840-D294-462B-A070-B59B7F19608A}.Release|Any CPU.ActiveCfg = Release|Any CPU
		{98B85840-D294-462B-A070-B59B7F19608A}.Release|Any CPU.Build.0 = Release|Any CPU
		{026F1512-9142-4BAB-B446-7BA557268C2F}.Debug|Any CPU.ActiveCfg = Debug|Any CPU
		{026F1512-9142-4BAB-B446-7BA557268C2F}.Debug|Any CPU.Build.0 = Debug|Any CPU
		{026F1512-9142-4BAB-B446-7BA557268C2F}.Release|Any CPU.ActiveCfg = Release|Any CPU
		{026F1512-9142-4BAB-B446-7BA557268C2F}.Release|Any CPU.Build.0 = Release|Any CPU
		{D8B29147-8358-4E06-8DD6-2B00291B6FF8}.Debug|Any CPU.ActiveCfg = Debug|Any CPU
		{D8B29147-8358-4E06-8DD6-2B00291B6FF8}.Debug|Any CPU.Build.0 = Debug|Any CPU
		{D8B29147-8358-4E06-8DD6-2B00291B6FF8}.Release|Any CPU.ActiveCfg = Release|Any CPU
		{D8B29147-8358-4E06-8DD6-2B00291B6FF8}.Release|Any CPU.Build.0 = Release|Any CPU
		{8828DC04-55B2-4009-A0A4-2B82126B601C}.Debug|Any CPU.ActiveCfg = Debug|Any CPU
		{8828DC04-55B2-4009-A0A4-2B82126B601C}.Debug|Any CPU.Build.0 = Debug|Any CPU
		{8828DC04-55B2-4009-A0A4-2B82126B601C}.Release|Any CPU.ActiveCfg = Release|Any CPU
		{8828DC04-55B2-4009-A0A4-2B82126B601C}.Release|Any CPU.Build.0 = Release|Any CPU
	EndGlobalSection
	GlobalSection(SolutionProperties) = preSolution
		HideSolutionNode = FALSE
	EndGlobalSection
	GlobalSection(NestedProjects) = preSolution
		{98B85840-D294-462B-A070-B59B7F19608A} = {9703828E-8972-4972-85BB-8D04F4DF608F}
		{026F1512-9142-4BAB-B446-7BA557268C2F} = {9703828E-8972-4972-85BB-8D04F4DF608F}
		{D8B29147-8358-4E06-8DD6-2B00291B6FF8} = {9703828E-8972-4972-85BB-8D04F4DF608F}
		{F62C3FB9-CCDA-4337-B9AD-72E4904296D0} = {9703828E-8972-4972-85BB-8D04F4DF608F}
		{44F2EF2F-BC22-423A-B998-D8AEAF36B185} = {26581131-9B30-42D8-9C6D-BBA4DAFA7B53}
		{42820A1A-A713-430E-BFFC-7D51B3156263} = {26581131-9B30-42D8-9C6D-BBA4DAFA7B53}
		{C805B591-F0BC-4033-A910-67D6BB6DE89E} = {AF42A24C-B0EB-4448-80DE-460912011248}
		{B3063BFC-3647-40C1-82A4-3740C2CF5104} = {AF42A24C-B0EB-4448-80DE-460912011248}
	EndGlobalSection
EndGlobal
